
Microsoft Visual Studio Solution File, Format Version 12.00
# Visual Studio 15
VisualStudioVersion = 15.0.28307.1000
MinimumVisualStudioVersion = 10.0.40219.1
Project("{FAE04EC0-301F-11D3-BF4B-00C04F79EFBC}") = "teste", "teste\teste.csproj", "{980B041E-A7A0-4D27-9747-6B486B5BEE7D}"
EndProject
Global
	GlobalSection(SolutionConfigurationPlatforms) = preSolution
		Debug|Any CPU = Debug|Any CPU
		Release|Any CPU = Release|Any CPU
	EndGlobalSection
	GlobalSection(ProjectConfigurationPlatforms) = postSolution
		{980B041E-A7A0-4D27-9747-6B486B5BEE7D}.Debug|Any CPU.ActiveCfg = Debug|Any CPU
		{980B041E-A7A0-4D27-9747-6B486B5BEE7D}.Debug|Any CPU.Build.0 = Debug|Any CPU
		{980B041E-A7A0-4D27-9747-6B486B5BEE7D}.Release|Any CPU.ActiveCfg = Release|Any CPU
		{980B041E-A7A0-4D27-9747-6B486B5BEE7D}.Release|Any CPU.Build.0 = Release|Any CPU
	EndGlobalSection
	GlobalSection(SolutionProperties) = preSolution
		HideSolutionNode = FALSE
	EndGlobalSection
	GlobalSection(ExtensibilityGlobals) = postSolution
		SolutionGuid = {B1BFDED7-E328-44F0-9F5E-E1E3B99134E1}
	EndGlobalSection
EndGlobal
